PODS:
  - blocCore (1.0)
  - blocRedux (1.0)
  - blocSamples (1.0)

DEPENDENCIES:
  - blocCore (from `../bloc-core`)
  - blocRedux (from `../bloc-redux`)
  - blocSamples (from `../bloc-samples`)

EXTERNAL SOURCES:
  blocCore:
    :path: "../bloc-core"
  blocRedux:
    :path: "../bloc-redux"
  blocSamples:
    :path: "../bloc-samples"

SPEC CHECKSUMS:
  blocCore: 9f6a7b3db590387bef7d1dc21baf0b509fc87bd5
  blocRedux: fe3e89f95994c779512d34aa2eac4b71572a6416
  blocSamples: c6128a8792da8573097c45a9cff37aa5238f056a

PODFILE CHECKSUM: 8c4d112aaab23316683e0df127ccf3b9e8f986f9

COCOAPODS: 1.11.2
